{
  "name": "boxed-immutable",
  "version": "0.5.6",
  "lockfileVersion": 1,
  "requires": true,
  "dependencies": {
    "for-each-break": {
      "version": "0.1.0",
      "resolved": "https://registry.npmjs.org/for-each-break/-/for-each-break-0.1.0.tgz",
      "integrity": "sha512-EMUHbil2cTeumd3yb3Y63nVLoaUFHjnm2e8AZXA1u01gYz0wq7EdBHttnW7sA7HEPZai9IdY6DpuSP1qRRd1OQ=="
    },
    "jest-each": {
      "version": "0.3.1",
      "resolved": "https://registry.npmjs.org/jest-each/-/jest-each-0.3.1.tgz",
      "integrity": "sha1-Uk8WviTw5UstxU9CgbysbToWwcY=",
      "dev": true,
      "requires": {
        "sprintf-js": "1.1.1"
      }
    },
    "lodash.isfunction": {
      "version": "3.0.9",
      "resolved": "https://registry.npmjs.org/lodash.isfunction/-/lodash.isfunction-3.0.9.tgz",
      "integrity": "sha512-AirXNj15uRIMMPihnkInB4i3NHeb4iBtNg9WRWuK2o31S+ePwwNmDPaTL3o7dTJ+VXNZim7rFs4rxN4YU1oUJw=="
    },
    "lodash.isstring": {
      "version": "4.0.1",
      "resolved": "https://registry.npmjs.org/lodash.isstring/-/lodash.isstring-4.0.1.tgz",
      "integrity": "sha1-1SfftUVuynzJu5XV2ur4i6VKVFE="
    },
    "sprintf-js": {
      "version": "1.1.1",
      "resolved": "https://registry.npmjs.org/sprintf-js/-/sprintf-js-1.1.1.tgz",
      "integrity": "sha1-Nr54Mgr+WAH2zqPueLblqrlA6gw=",
      "dev": true
    },
    "util-string-wrap": {
      "version": "0.1.0",
      "resolved": "https://registry.npmjs.org/util-string-wrap/-/util-string-wrap-0.1.0.tgz",
      "integrity": "sha512-LSLkf2y+ABqjHl92bMZp6UDbwCFRDH0H1L4k4Wt9I2IBmbhfwA5C4xtkMvuYBiSACiR4J0MJYwPCataYKL91eA==",
      "requires": {
        "lodash.isfunction": "3.0.9",
        "lodash.isstring": "4.0.1"
      }
    },
    "util-type-funcs": {
      "version": "0.2.0",
      "resolved": "https://registry.npmjs.org/util-type-funcs/-/util-type-funcs-0.2.0.tgz",
      "integrity": "sha512-t53PJ0nfe6nDSZ2SIeMKyHwYYiXHK87X6o96C8c0mgMZxc9B1XwnuSm8zt6IfSkVzhvCzQ8oDScvj5swX3X8Xg==",
      "requires": {
        "lodash.isfunction": "3.0.9",
        "lodash.isstring": "4.0.1"
      }
    }
  }
}
